PODS:
  - AFNetworking (4.0.1):
    - AFNetworking/NSURLSession (= 4.0.1)
    - AFNetworking/Reachability (= 4.0.1)
    - AFNetworking/Security (= 4.0.1)
    - AFNetworking/Serialization (= 4.0.1)
    - AFNetworking/UIKit (= 4.0.1)
  - AFNetworking/NSURLSession (4.0.1):
    - AFNetworking/Reachability
    - AFNetworking/Security
    - AFNetworking/Serialization
  - AFNetworking/Reachability (4.0.1)
  - AFNetworking/Security (4.0.1)
  - AFNetworking/Serialization (4.0.1)
  - AFNetworking/UIKit (4.0.1):
    - AFNetworking/NSURLSession
  - IQKeyboardManager (3.3.7)
  - LBXScan/LBXNative (2.5.1):
    - LBXScan/Types (~> 2.2)
  - LBXScan/LBXZXing (2.5.1):
    - LBXScan/Types (~> 2.2)
  - LBXScan/Types (2.5.1)
  - LBXScan/UI (2.5.1):
    - LBXScan/Types (~> 2.2)
  - Masonry (1.1.0)
  - MBProgressHUD (1.2.0)
  - MJExtension (3.2.4)
  - MJRefresh (3.5.0)
  - ReactiveObjC (3.1.1)
  - SDCycleScrollView (1.82):
    - SDWebImage (>= 5.0.0)
  - SDWebImage (5.10.4):
    - SDWebImage/Core (= 5.10.4)
  - SDWebImage/Core (5.10.4)
  - WMPageController (2.5.2)
  - XAspect (1.0.5):
    - XAspect/Core (= 1.0.5)
    - XAspect/Macros (= 1.0.5)
  - XAspect/Core (1.0.5):
    - XAspect/Macros
  - XAspect/Macros (1.0.5)
  - YBImageBrowser (3.0.9):
    - YBImageBrowser/Core (= 3.0.9)
  - YBImageBrowser/Core (3.0.9):
    - SDWebImage (>= 5.0.0)
    - YYImage
  - YYCache (1.0.4)
  - YYImage (1.0.4):
    - YYImage/Core (= 1.0.4)
  - YYImage/Core (1.0.4)

DEPENDENCIES:
  - AFNetworking
  - IQKeyboardManager (= 3.3.7)
  - LBXScan/LBXNative
  - LBXScan/LBXZXing
  - LBXScan/UI
  - Masonry
  - MBProgressHUD
  - MJExtension
  - MJRefresh
  - ReactiveObjC
  - SDCycleScrollView
  - SDWebImage
  - WMPageController
  - XAspect
  - YBImageBrowser
  - YYCache

SPEC REPOS:
  trunk:
    - AFNetworking
    - IQKeyboardManager
    - LBXScan
    - Masonry
    - MBProgressHUD
    - MJExtension
    - MJRefresh
    - ReactiveObjC
    - SDCycleScrollView
    - SDWebImage
    - WMPageController
    - XAspect
    - YBImageBrowser
    - YYCache
    - YYImage

SPEC CHECKSUMS:
  AFNetworking: 7864c38297c79aaca1500c33288e429c3451fdce
  IQKeyboardManager: 249c3946acf61345c18b038eb50863fe2793e3a8
  LBXScan: 90ca10d0c38fb4a5a6980d7782354f3f69f50093
  Masonry: 678fab65091a9290e40e2832a55e7ab731aad201
  MBProgressHUD: 3ee5efcc380f6a79a7cc9b363dd669c5e1ae7406
  MJExtension: 88e0900751b6cac8de1cf724ca9838a0b28d5acb
  MJRefresh: 6afc955813966afb08305477dd7a0d9ad5e79a16
  ReactiveObjC: 011caa393aa0383245f2dcf9bf02e86b80b36040
  SDCycleScrollView: a0d74c3384caa72bdfc81470bdbc8c14b3e1fbcf
  SDWebImage: c666b97e1fa9c64b4909816a903322018f0a9c84
  WMPageController: 0c7624d2b48e4f1ab92371688cf6744ed701575d
  XAspect: db50bf487f92dbb8557a7a5365556966c8493af8
  YBImageBrowser: 7ecc8bf33ffa5f3b94c397c29b4f3638dd37f527
  YYCache: 8105b6638f5e849296c71f331ff83891a4942952
  YYImage: 1e1b62a9997399593e4b9c4ecfbbabbf1d3f3b54

PODFILE CHECKSUM: 6f400a04164b278e372d88a75b8b7c7ea6423a01

COCOAPODS: 1.10.0
